PODS:
  - Nimble (12.2.0)
  - Quick (7.2.0)

DEPENDENCIES:
  - Nimble (~> 12.2.0)
  - Quick (~> 7.2.0)

SPEC REPOS:
  trunk:
    - Nimble
    - Quick

SPEC CHECKSUMS:
  Nimble: d67da24eb9da4227b2dbbf4eb49cc29073c9066b
  Quick: 73ac215f23a6a0eaa59f4ee142802b3f4dba86bb

PODFILE CHECKSUM: a4a2defeaa74a527f30a058c6e4d7eaa356a3f54

COCOAPODS: 1.12.1
